{
  "nodes": {
    "nix-vm-test": {
      "inputs": {
        "nixpkgs": [
          "nixpkgs"
        ]
      },
      "locked": {
        "lastModified": 1763976673,
        "narHash": "sha256-QPeI8WR+brwodiy4YNfOnLI7rOHJfFPrGm+xT/HmtT4=",
        "owner": "numtide",
        "repo": "nix-vm-test",
        "rev": "8611bdd7a49750a880be9ee2ea9f68c53f8c9299",
        "type": "github"
      },
      "original": {
        "owner": "numtide",
        "repo": "nix-vm-test",
        "type": "github"
      }
    },
    "nixpkgs": {
      "locked": {
        "lastModified": 1763998843,
        "narHash": "sha256-0q4ysbp+4Hs+fbcf+6WZniyn/Mu45h6tVW281MtDBMI=",
        "owner": "nixos",
        "repo": "nixpkgs",
        "rev": "cb661ad65cb2f088192c4a8f87a929ccd448cbf2",
        "type": "github"
      },
      "original": {
        "owner": "nixos",
        "repo": "nixpkgs",
        "type": "github"
      }
    },
    "root": {
      "inputs": {
        "nix-vm-test": "nix-vm-test",
        "nixpkgs": "nixpkgs"
      }
    }
  },
  "root": "root",
  "version": 7
}
