{
  "nodes": {
    "nix-vm-test": {
      "inputs": {
        "nixpkgs": [
          "nixpkgs"
        ]
      },
      "locked": {
        "lastModified": 1764499083,
        "narHash": "sha256-YmK9seXkOJcbG5qvH0W92VisaSHJykEw3b6/xvwOK7s=",
        "owner": "numtide",
        "repo": "nix-vm-test",
        "rev": "35045cd18b68c0abc4d0583c307cef13075c88b0",
        "type": "github"
      },
      "original": {
        "owner": "numtide",
        "repo": "nix-vm-test",
        "type": "github"
      }
    },
    "nixpkgs": {
      "locked": {
        "lastModified": 1764656199,
        "narHash": "sha256-xakQLGeh0rimM7pD1id+Gk3pAWQByzh8jM9dzJLpL+U=",
        "owner": "nixos",
        "repo": "nixpkgs",
        "rev": "70039403acd26fee4b57324f39de9faeaad39abd",
        "type": "github"
      },
      "original": {
        "owner": "nixos",
        "repo": "nixpkgs",
        "type": "github"
      }
    },
    "root": {
      "inputs": {
        "nix-vm-test": "nix-vm-test",
        "nixpkgs": "nixpkgs"
      }
    }
  },
  "root": "root",
  "version": 7
}
